
Microsoft Visual Studio Solution File, Format Version 12.00
# Visual Studio Version 17
VisualStudioVersion = 17.9.34622.214
MinimumVisualStudioVersion = 10.0.40219.1
Project("{8BC9CEB8-8B4A-11D0-8D11-00A0C91BC942}") = "SE_Lab07", "SE_Lab07\SE_Lab07.vcxproj", "{BFEB7DE3-DA29-4234-996E-656DA5D372F5}"
EndProject
Global
	GlobalSection(SolutionConfigurationPlatforms) = preSolution
		Debug|x64 = Debug|x64
		Debug|x86 = Debug|x86
		Release|x64 = Release|x64
		Release|x86 = Release|x86
	EndGlobalSection
	GlobalSection(ProjectConfigurationPlatforms) = postSolution
		{BFEB7DE3-DA29-4234-996E-656DA5D372F5}.Debug|x64.ActiveCfg = Debug|x64
		{BFEB7DE3-DA29-4234-996E-656DA5D372F5}.Debug|x64.Build.0 = Debug|x64
		{BFEB7DE3-DA29-4234-996E-656DA5D372F5}.Debug|x86.ActiveCfg = Debug|Win32
		{BFEB7DE3-DA29-4234-996E-656DA5D372F5}.Debug|x86.Build.0 = Debug|Win32
		{BFEB7DE3-DA29-4234-996E-656DA5D372F5}.Release|x64.ActiveCfg = Release|x64
		{BFEB7DE3-DA29-4234-996E-656DA5D372F5}.Release|x64.Build.0 = Release|x64
		{BFEB7DE3-DA29-4234-996E-656DA5D372F5}.Release|x86.ActiveCfg = Release|Win32
		{BFEB7DE3-DA29-4234-996E-656DA5D372F5}.Release|x86.Build.0 = Release|Win32
	EndGlobalSection
	GlobalSection(SolutionProperties) = preSolution
		HideSolutionNode = FALSE
	EndGlobalSection
	GlobalSection(ExtensibilityGlobals) = postSolution
		SolutionGuid = {E28D9A20-6A6B-4A2F-BF4C-89466C6E576F}
	EndGlobalSection
EndGlobal
