
Microsoft Visual Studio Solution File, Format Version 12.00
# Visual Studio Version 17
VisualStudioVersion = 17.9.34622.214
MinimumVisualStudioVersion = 10.0.40219.1
Project("{8BC9CEB8-8B4A-11D0-8D11-00A0C91BC942}") = "SE_Lab04", "SE_Lab04\SE_Lab04.vcxproj", "{EEB886E6-AD19-4653-935D-6F240CD09518}"
EndProject
Global
	GlobalSection(SolutionConfigurationPlatforms) = preSolution
		Debug|x64 = Debug|x64
		Debug|x86 = Debug|x86
		Release|x64 = Release|x64
		Release|x86 = Release|x86
	EndGlobalSection
	GlobalSection(ProjectConfigurationPlatforms) = postSolution
		{EEB886E6-AD19-4653-935D-6F240CD09518}.Debug|x64.ActiveCfg = Debug|x64
		{EEB886E6-AD19-4653-935D-6F240CD09518}.Debug|x64.Build.0 = Debug|x64
		{EEB886E6-AD19-4653-935D-6F240CD09518}.Debug|x86.ActiveCfg = Debug|Win32
		{EEB886E6-AD19-4653-935D-6F240CD09518}.Debug|x86.Build.0 = Debug|Win32
		{EEB886E6-AD19-4653-935D-6F240CD09518}.Release|x64.ActiveCfg = Release|x64
		{EEB886E6-AD19-4653-935D-6F240CD09518}.Release|x64.Build.0 = Release|x64
		{EEB886E6-AD19-4653-935D-6F240CD09518}.Release|x86.ActiveCfg = Release|Win32
		{EEB886E6-AD19-4653-935D-6F240CD09518}.Release|x86.Build.0 = Release|Win32
	EndGlobalSection
	GlobalSection(SolutionProperties) = preSolution
		HideSolutionNode = FALSE
	EndGlobalSection
	GlobalSection(ExtensibilityGlobals) = postSolution
		SolutionGuid = {41B28893-E967-4623-A442-4FE688429CEB}
	EndGlobalSection
EndGlobal
