
Microsoft Visual Studio Solution File, Format Version 12.00
# Visual Studio Version 17
VisualStudioVersion = 17.9.34622.214
MinimumVisualStudioVersion = 10.0.40219.1
Project("{8BC9CEB8-8B4A-11D0-8D11-00A0C91BC942}") = "SE_Lab06", "SE_Lab06\SE_Lab06.vcxproj", "{CDDA89CA-9FD7-4C04-AEB1-2D12BF520A82}"
EndProject
Project("{8BC9CEB8-8B4A-11D0-8D11-00A0C91BC942}") = "SE_Lab06L", "SE_Lab06L\SE_Lab06L.vcxproj", "{0BD3F5E9-EB8B-4EFB-8969-3A6A4CF129D6}"
EndProject
Global
	GlobalSection(SolutionConfigurationPlatforms) = preSolution
		Debug|x64 = Debug|x64
		Debug|x86 = Debug|x86
		Release|x64 = Release|x64
		Release|x86 = Release|x86
	EndGlobalSection
	GlobalSection(ProjectConfigurationPlatforms) = postSolution
		{CDDA89CA-9FD7-4C04-AEB1-2D12BF520A82}.Debug|x64.ActiveCfg = Debug|x64
		{CDDA89CA-9FD7-4C04-AEB1-2D12BF520A82}.Debug|x64.Build.0 = Debug|x64
		{CDDA89CA-9FD7-4C04-AEB1-2D12BF520A82}.Debug|x86.ActiveCfg = Debug|Win32
		{CDDA89CA-9FD7-4C04-AEB1-2D12BF520A82}.Debug|x86.Build.0 = Debug|Win32
		{CDDA89CA-9FD7-4C04-AEB1-2D12BF520A82}.Release|x64.ActiveCfg = Release|x64
		{CDDA89CA-9FD7-4C04-AEB1-2D12BF520A82}.Release|x64.Build.0 = Release|x64
		{CDDA89CA-9FD7-4C04-AEB1-2D12BF520A82}.Release|x86.ActiveCfg = Release|Win32
		{CDDA89CA-9FD7-4C04-AEB1-2D12BF520A82}.Release|x86.Build.0 = Release|Win32
		{0BD3F5E9-EB8B-4EFB-8969-3A6A4CF129D6}.Debug|x64.ActiveCfg = Debug|x64
		{0BD3F5E9-EB8B-4EFB-8969-3A6A4CF129D6}.Debug|x64.Build.0 = Debug|x64
		{0BD3F5E9-EB8B-4EFB-8969-3A6A4CF129D6}.Debug|x86.ActiveCfg = Debug|Win32
		{0BD3F5E9-EB8B-4EFB-8969-3A6A4CF129D6}.Debug|x86.Build.0 = Debug|Win32
		{0BD3F5E9-EB8B-4EFB-8969-3A6A4CF129D6}.Release|x64.ActiveCfg = Release|x64
		{0BD3F5E9-EB8B-4EFB-8969-3A6A4CF129D6}.Release|x64.Build.0 = Release|x64
		{0BD3F5E9-EB8B-4EFB-8969-3A6A4CF129D6}.Release|x86.ActiveCfg = Release|Win32
		{0BD3F5E9-EB8B-4EFB-8969-3A6A4CF129D6}.Release|x86.Build.0 = Release|Win32
	EndGlobalSection
	GlobalSection(SolutionProperties) = preSolution
		HideSolutionNode = FALSE
	EndGlobalSection
	GlobalSection(ExtensibilityGlobals) = postSolution
		SolutionGuid = {4E9B25EE-E63C-44B9-A001-F2BD28BA9E79}
	EndGlobalSection
EndGlobal
